
Microsoft Visual Studio Solution File, Format Version 12.00
# Visual Studio Version 16
VisualStudioVersion = 16.0.28803.352
MinimumVisualStudioVersion = 10.0.40219.1
Project("{FAE04EC0-301F-11D3-BF4B-00C04F79EFBC}") = "MVCLogin", "MVCLogin\MVCLogin.csproj", "{C4943EC9-EB66-4349-B6DE-8206BF918A55}"
EndProject
Global
	GlobalSection(SolutionConfigurationPlatforms) = preSolution
		Debug|Any CPU = Debug|Any CPU
		Release|Any CPU = Release|Any CPU
	EndGlobalSection
	GlobalSection(ProjectConfigurationPlatforms) = postSolution
		{C4943EC9-EB66-4349-B6DE-8206BF918A55}.Debug|Any CPU.ActiveCfg = Debug|Any CPU
		{C4943EC9-EB66-4349-B6DE-8206BF918A55}.Debug|Any CPU.Build.0 = Debug|Any CPU
		{C4943EC9-EB66-4349-B6DE-8206BF918A55}.Release|Any CPU.ActiveCfg = Release|Any CPU
		{C4943EC9-EB66-4349-B6DE-8206BF918A55}.Release|Any CPU.Build.0 = Release|Any CPU
	EndGlobalSection
	GlobalSection(SolutionProperties) = preSolution
		HideSolutionNode = FALSE
	EndGlobalSection
	GlobalSection(ExtensibilityGlobals) = postSolution
		SolutionGuid = {B094801C-07D3-408F-B97A-F2EB52E3008F}
	EndGlobalSection
EndGlobal
